
Microsoft Visual Studio Solution File, Format Version 12.00
# Visual Studio Version 16
VisualStudioVersion = 16.0.31205.134
MinimumVisualStudioVersion = 10.0.40219.1
Project("{FAE04EC0-301F-11D3-BF4B-00C04F79EFBC}") = "UserDashboard2", "UserDashboard2\UserDashboard2.csproj", "{4574966C-9BF9-4805-AB6E-18543439BB13}"
EndProject
Global
	GlobalSection(SolutionConfigurationPlatforms) = preSolution
		Debug|Any CPU = Debug|Any CPU
		Release|Any CPU = Release|Any CPU
	EndGlobalSection
	GlobalSection(ProjectConfigurationPlatforms) = postSolution
		{4574966C-9BF9-4805-AB6E-18543439BB13}.Debug|Any CPU.ActiveCfg = Debug|Any CPU
		{4574966C-9BF9-4805-AB6E-18543439BB13}.Debug|Any CPU.Build.0 = Debug|Any CPU
		{4574966C-9BF9-4805-AB6E-18543439BB13}.Release|Any CPU.ActiveCfg = Release|Any CPU
		{4574966C-9BF9-4805-AB6E-18543439BB13}.Release|Any CPU.Build.0 = Release|Any CPU
	EndGlobalSection
	GlobalSection(SolutionProperties) = preSolution
		HideSolutionNode = FALSE
	EndGlobalSection
	GlobalSection(ExtensibilityGlobals) = postSolution
		SolutionGuid = {DFF0827D-990A-4098-92E1-2D6EB430FF9C}
	EndGlobalSection
EndGlobal
